
Microsoft Visual Studio Solution File, Format Version 12.00
# Visual Studio Version 16
VisualStudioVersion = 16.0.29201.188
MinimumVisualStudioVersion = 10.0.40219.1
Project("{FAE04EC0-301F-11D3-BF4B-00C04F79EFBC}") = "Earthworm", "Earthworm.csproj", "{2CB70879-CBB8-411B-B80E-EA4FC39A625D}"
EndProject
Global
	GlobalSection(SolutionConfigurationPlatforms) = preSolution
		Debug|Any CPU = Debug|Any CPU
		Release|Any CPU = Release|Any CPU
	EndGlobalSection
	GlobalSection(ProjectConfigurationPlatforms) = postSolution
		{2CB70879-CBB8-411B-B80E-EA4FC39A625D}.Debug|Any CPU.ActiveCfg = Debug|Any CPU
		{2CB70879-CBB8-411B-B80E-EA4FC39A625D}.Debug|Any CPU.Build.0 = Debug|Any CPU
		{2CB70879-CBB8-411B-B80E-EA4FC39A625D}.Release|Any CPU.ActiveCfg = Release|Any CPU
		{2CB70879-CBB8-411B-B80E-EA4FC39A625D}.Release|Any CPU.Build.0 = Release|Any CPU
	EndGlobalSection
	GlobalSection(SolutionProperties) = preSolution
		HideSolutionNode = FALSE
	EndGlobalSection
	GlobalSection(ExtensibilityGlobals) = postSolution
		SolutionGuid = {2873EE95-5967-459F-A019-E79B08B9D0A9}
	EndGlobalSection
EndGlobal
